
Microsoft Visual Studio Solution File, Format Version 12.00
# Visual Studio Version 16
VisualStudioVersion = 16.0.30804.86
MinimumVisualStudioVersion = 10.0.40219.1
Project("{8BC9CEB8-8B4A-11D0-8D11-00A0C91BC942}") = "Sparse-Matrix_CRS", "Sparse-Matrix_CRS\Sparse-Matrix_CRS.vcxproj", "{80E31A84-E2E8-4222-AE46-CA48866A1802}"
EndProject
Global
	GlobalSection(SolutionConfigurationPlatforms) = preSolution
		Debug|x64 = Debug|x64
		Debug|x86 = Debug|x86
		Release|x64 = Release|x64
		Release|x86 = Release|x86
	EndGlobalSection
	GlobalSection(ProjectConfigurationPlatforms) = postSolution
		{80E31A84-E2E8-4222-AE46-CA48866A1802}.Debug|x64.ActiveCfg = Debug|x64
		{80E31A84-E2E8-4222-AE46-CA48866A1802}.Debug|x64.Build.0 = Debug|x64
		{80E31A84-E2E8-4222-AE46-CA48866A1802}.Debug|x86.ActiveCfg = Debug|Win32
		{80E31A84-E2E8-4222-AE46-CA48866A1802}.Debug|x86.Build.0 = Debug|Win32
		{80E31A84-E2E8-4222-AE46-CA48866A1802}.Release|x64.ActiveCfg = Release|x64
		{80E31A84-E2E8-4222-AE46-CA48866A1802}.Release|x64.Build.0 = Release|x64
		{80E31A84-E2E8-4222-AE46-CA48866A1802}.Release|x86.ActiveCfg = Release|Win32
		{80E31A84-E2E8-4222-AE46-CA48866A1802}.Release|x86.Build.0 = Release|Win32
	EndGlobalSection
	GlobalSection(SolutionProperties) = preSolution
		HideSolutionNode = FALSE
	EndGlobalSection
	GlobalSection(ExtensibilityGlobals) = postSolution
		SolutionGuid = {D7FF9F94-F35F-4177-BB21-F9C76F5BB54B}
	EndGlobalSection
EndGlobal
